
Microsoft Visual Studio Solution File, Format Version 12.00
# Visual Studio Version 17
VisualStudioVersion = 17.11.35303.130
MinimumVisualStudioVersion = 10.0.40219.1
Project("{2150E333-8FDC-42A3-9474-1A3956D46DE8}") = "test", "test", "{90CE0FB8-12CE-4582-BB57-B5328D8A0E22}"
EndProject
Project("{2150E333-8FDC-42A3-9474-1A3956D46DE8}") = "src", "src", "{2355556C-6AB4-4BD1-A133-E408353E6B96}"
EndProject
Project("{2150E333-8FDC-42A3-9474-1A3956D46DE8}") = "APIs", "APIs", "{7FFC0ED9-9934-483D-907C-E6D31D6AE994}"
EndProject
Project("{2150E333-8FDC-42A3-9474-1A3956D46DE8}") = "core", "core", "{4F8321D0-1BBB-41E9-92F4-267F481B8872}"
EndProject
Project("{2150E333-8FDC-42A3-9474-1A3956D46DE8}") = "Infrasrtucture", "Infrasrtucture", "{C0CAF19B-37CC-4DB0-B572-237437194192}"
EndProject
Project("{2150E333-8FDC-42A3-9474-1A3956D46DE8}") = "UI", "UI", "{B6DD71F6-68F7-48B5-9CBA-03BE03CB00B0}"
EndProject
Project("{2150E333-8FDC-42A3-9474-1A3956D46DE8}") = "Client", "Client", "{0D01DDCA-475A-4A46-9A84-1B89B662D6B5}"
EndProject
Project("{2150E333-8FDC-42A3-9474-1A3956D46DE8}") = "Dashboard", "Dashboard", "{F7ED0826-97E6-4257-B49A-32E96B55F7AC}"
EndProject
Project("{9A19103F-16F7-4668-BE54-9A1E7A4F7556}") = "LinkDev.Talabat.APIs", "LinkDev.Talabat.APIs\LinkDev.Talabat.APIs.csproj", "{1EBFB30D-0549-4127-B548-F045975B6F25}"
EndProject
Project("{9A19103F-16F7-4668-BE54-9A1E7A4F7556}") = "LinkDev.Talabat.Core.Domain", "LinkDev.Talabat.Core.Domain\LinkDev.Talabat.Core.Domain.csproj", "{85D6DD36-ABDB-46F9-9B49-B1D53212C2B1}"
EndProject
Project("{9A19103F-16F7-4668-BE54-9A1E7A4F7556}") = "LinkDev.Talabat.Core.Application", "LinkDev.Talabat.Core.Application\LinkDev.Talabat.Core.Application.csproj", "{657BD26C-8284-4B86-B131-2C85946E9AF1}"
EndProject
Project("{9A19103F-16F7-4668-BE54-9A1E7A4F7556}") = "LinkDev.Talabat.Core.Application.Abstraction", "LinkDev.Talabat.Application.Abstraction\LinkDev.Talabat.Core.Application.Abstraction.csproj", "{C5ACBC3C-01D7-41D8-B1FB-DC2DD7E1FEE0}"
EndProject
Project("{9A19103F-16F7-4668-BE54-9A1E7A4F7556}") = "LinkDev.Talabat.Infrastructure", "LinkDev.Talabat.Infrastructure\LinkDev.Talabat.Infrastructure.csproj", "{E3A31E91-C519-43DD-A3FF-F13E502BE84E}"
EndProject
Project("{9A19103F-16F7-4668-BE54-9A1E7A4F7556}") = "LinkDev.Talabat.Infrastructure.Persistence", "LinkDev.Talabat.Infrastructure.Persistence\LinkDev.Talabat.Infrastructure.Persistence.csproj", "{FB5E0FA7-D43C-4241-AE45-145D18A4073E}"
EndProject
Project("{9A19103F-16F7-4668-BE54-9A1E7A4F7556}") = "LinkDev.Talabat.Dashboard", "LinkDev.Talabat.Dashboard\LinkDev.Talabat.Dashboard.csproj", "{4E13665D-F65D-44CF-A459-A24B1F5AEA41}"
EndProject
Project("{9A19103F-16F7-4668-BE54-9A1E7A4F7556}") = "LinkDev.Talabat.APIs.Controllers", "LinkDev.Talabat.APIs.Controllers\LinkDev.Talabat.APIs.Controllers.csproj", "{7B8A1324-96F5-42EF-AF9E-0D1107C75771}"
EndProject
Global
	GlobalSection(SolutionConfigurationPlatforms) = preSolution
		Debug|Any CPU = Debug|Any CPU
		Release|Any CPU = Release|Any CPU
	EndGlobalSection
	GlobalSection(ProjectConfigurationPlatforms) = postSolution
		{1EBFB30D-0549-4127-B548-F045975B6F25}.Debug|Any CPU.ActiveCfg = Debug|Any CPU
		{1EBFB30D-0549-4127-B548-F045975B6F25}.Debug|Any CPU.Build.0 = Debug|Any CPU
		{1EBFB30D-0549-4127-B548-F045975B6F25}.Release|Any CPU.ActiveCfg = Release|Any CPU
		{1EBFB30D-0549-4127-B548-F045975B6F25}.Release|Any CPU.Build.0 = Release|Any CPU
		{85D6DD36-ABDB-46F9-9B49-B1D53212C2B1}.Debug|Any CPU.ActiveCfg = Debug|Any CPU
		{85D6DD36-ABDB-46F9-9B49-B1D53212C2B1}.Debug|Any CPU.Build.0 = Debug|Any CPU
		{85D6DD36-ABDB-46F9-9B49-B1D53212C2B1}.Release|Any CPU.ActiveCfg = Release|Any CPU
		{85D6DD36-ABDB-46F9-9B49-B1D53212C2B1}.Release|Any CPU.Build.0 = Release|Any CPU
		{657BD26C-8284-4B86-B131-2C85946E9AF1}.Debug|Any CPU.ActiveCfg = Debug|Any CPU
		{657BD26C-8284-4B86-B131-2C85946E9AF1}.Debug|Any CPU.Build.0 = Debug|Any CPU
		{657BD26C-8284-4B86-B131-2C85946E9AF1}.Release|Any CPU.ActiveCfg = Release|Any CPU
		{657BD26C-8284-4B86-B131-2C85946E9AF1}.Release|Any CPU.Build.0 = Release|Any CPU
		{C5ACBC3C-01D7-41D8-B1FB-DC2DD7E1FEE0}.Debug|Any CPU.ActiveCfg = Debug|Any CPU
		{C5ACBC3C-01D7-41D8-B1FB-DC2DD7E1FEE0}.Debug|Any CPU.Build.0 = Debug|Any CPU
		{C5ACBC3C-01D7-41D8-B1FB-DC2DD7E1FEE0}.Release|Any CPU.ActiveCfg = Release|Any CPU
		{C5ACBC3C-01D7-41D8-B1FB-DC2DD7E1FEE0}.Release|Any CPU.Build.0 = Release|Any CPU
		{E3A31E91-C519-43DD-A3FF-F13E502BE84E}.Debug|Any CPU.ActiveCfg = Debug|Any CPU
		{E3A31E91-C519-43DD-A3FF-F13E502BE84E}.Debug|Any CPU.Build.0 = Debug|Any CPU
		{E3A31E91-C519-43DD-A3FF-F13E502BE84E}.Release|Any CPU.ActiveCfg = Release|Any CPU
		{E3A31E91-C519-43DD-A3FF-F13E502BE84E}.Release|Any CPU.Build.0 = Release|Any CPU
		{FB5E0FA7-D43C-4241-AE45-145D18A4073E}.Debug|Any CPU.ActiveCfg = Debug|Any CPU
		{FB5E0FA7-D43C-4241-AE45-145D18A4073E}.Debug|Any CPU.Build.0 = Debug|Any CPU
		{FB5E0FA7-D43C-4241-AE45-145D18A4073E}.Release|Any CPU.ActiveCfg = Release|Any CPU
		{FB5E0FA7-D43C-4241-AE45-145D18A4073E}.Release|Any CPU.Build.0 = Release|Any CPU
		{4E13665D-F65D-44CF-A459-A24B1F5AEA41}.Debug|Any CPU.ActiveCfg = Debug|Any CPU
		{4E13665D-F65D-44CF-A459-A24B1F5AEA41}.Debug|Any CPU.Build.0 = Debug|Any CPU
		{4E13665D-F65D-44CF-A459-A24B1F5AEA41}.Release|Any CPU.ActiveCfg = Release|Any CPU
		{4E13665D-F65D-44CF-A459-A24B1F5AEA41}.Release|Any CPU.Build.0 = Release|Any CPU
		{7B8A1324-96F5-42EF-AF9E-0D1107C75771}.Debug|Any CPU.ActiveCfg = Debug|Any CPU
		{7B8A1324-96F5-42EF-AF9E-0D1107C75771}.Debug|Any CPU.Build.0 = Debug|Any CPU
		{7B8A1324-96F5-42EF-AF9E-0D1107C75771}.Release|Any CPU.ActiveCfg = Release|Any CPU
		{7B8A1324-96F5-42EF-AF9E-0D1107C75771}.Release|Any CPU.Build.0 = Release|Any CPU
	EndGlobalSection
	GlobalSection(SolutionProperties) = preSolution
		HideSolutionNode = FALSE
	EndGlobalSection
	GlobalSection(NestedProjects) = preSolution
		{7FFC0ED9-9934-483D-907C-E6D31D6AE994} = {2355556C-6AB4-4BD1-A133-E408353E6B96}
		{4F8321D0-1BBB-41E9-92F4-267F481B8872} = {2355556C-6AB4-4BD1-A133-E408353E6B96}
		{C0CAF19B-37CC-4DB0-B572-237437194192} = {2355556C-6AB4-4BD1-A133-E408353E6B96}
		{B6DD71F6-68F7-48B5-9CBA-03BE03CB00B0} = {2355556C-6AB4-4BD1-A133-E408353E6B96}
		{0D01DDCA-475A-4A46-9A84-1B89B662D6B5} = {B6DD71F6-68F7-48B5-9CBA-03BE03CB00B0}
		{F7ED0826-97E6-4257-B49A-32E96B55F7AC} = {B6DD71F6-68F7-48B5-9CBA-03BE03CB00B0}
		{1EBFB30D-0549-4127-B548-F045975B6F25} = {7FFC0ED9-9934-483D-907C-E6D31D6AE994}
		{85D6DD36-ABDB-46F9-9B49-B1D53212C2B1} = {4F8321D0-1BBB-41E9-92F4-267F481B8872}
		{657BD26C-8284-4B86-B131-2C85946E9AF1} = {4F8321D0-1BBB-41E9-92F4-267F481B8872}
		{C5ACBC3C-01D7-41D8-B1FB-DC2DD7E1FEE0} = {4F8321D0-1BBB-41E9-92F4-267F481B8872}
		{E3A31E91-C519-43DD-A3FF-F13E502BE84E} = {C0CAF19B-37CC-4DB0-B572-237437194192}
		{FB5E0FA7-D43C-4241-AE45-145D18A4073E} = {C0CAF19B-37CC-4DB0-B572-237437194192}
		{4E13665D-F65D-44CF-A459-A24B1F5AEA41} = {F7ED0826-97E6-4257-B49A-32E96B55F7AC}
		{7B8A1324-96F5-42EF-AF9E-0D1107C75771} = {7FFC0ED9-9934-483D-907C-E6D31D6AE994}
	EndGlobalSection
	GlobalSection(ExtensibilityGlobals) = postSolution
		SolutionGuid = {F779ACC6-D0FE-46FD-8FBF-79AEAD4ABA03}
	EndGlobalSection
EndGlobal
